
Microsoft Visual Studio Solution File, Format Version 12.00
# Visual Studio Version 16
VisualStudioVersion = 16.0.31624.102
MinimumVisualStudioVersion = 10.0.40219.1
Project("{9A19103F-16F7-4668-BE54-9A1E7A4F7556}") = "ChessLib", "ChessLib\ChessLib.csproj", "{EF8E5069-6ADA-452B-BA67-B7DF5C3E3732}"
EndProject
Project("{9A19103F-16F7-4668-BE54-9A1E7A4F7556}") = "ChessTests", "ChessTests\ChessTests.csproj", "{18F1EE51-9C72-4FEA-8E21-304E2B2E9FE3}"
EndProject
Global
	GlobalSection(SolutionConfigurationPlatforms) = preSolution
		Debug|Any CPU = Debug|Any CPU
		Release|Any CPU = Release|Any CPU
	EndGlobalSection
	GlobalSection(ProjectConfigurationPlatforms) = postSolution
		{EF8E5069-6ADA-452B-BA67-B7DF5C3E3732}.Debug|Any CPU.ActiveCfg = Debug|Any CPU
		{EF8E5069-6ADA-452B-BA67-B7DF5C3E3732}.Debug|Any CPU.Build.0 = Debug|Any CPU
		{EF8E5069-6ADA-452B-BA67-B7DF5C3E3732}.Release|Any CPU.ActiveCfg = Release|Any CPU
		{EF8E5069-6ADA-452B-BA67-B7DF5C3E3732}.Release|Any CPU.Build.0 = Release|Any CPU
		{18F1EE51-9C72-4FEA-8E21-304E2B2E9FE3}.Debug|Any CPU.ActiveCfg = Debug|Any CPU
		{18F1EE51-9C72-4FEA-8E21-304E2B2E9FE3}.Debug|Any CPU.Build.0 = Debug|Any CPU
		{18F1EE51-9C72-4FEA-8E21-304E2B2E9FE3}.Release|Any CPU.ActiveCfg = Release|Any CPU
		{18F1EE51-9C72-4FEA-8E21-304E2B2E9FE3}.Release|Any CPU.Build.0 = Release|Any CPU
	EndGlobalSection
	GlobalSection(SolutionProperties) = preSolution
		HideSolutionNode = FALSE
	EndGlobalSection
	GlobalSection(ExtensibilityGlobals) = postSolution
		SolutionGuid = {89E0B476-62E5-4D2F-92DE-89793ADDDEBF}
	EndGlobalSection
EndGlobal
